<Solution>
  <Project Path="MoreMountains.Tools.csproj" />
  <Project Path="Lofelt.NiceVibrations.Demo.csproj" />
  <Project Path="RadicalForge.Blockout.csproj" />
  <Project Path="RadicalForge.Blockout.Editor.csproj" />
  <Project Path="MoreMountains.Tools.Editor.csproj" />
  <Project Path="Lofelt.NiceVibrations.Editor.csproj" />
  <Project Path="Lofelt.NiceVibrations.csproj" />
</Solution>
